
Microsoft Visual Studio Solution File, Format Version 12.00
# Visual Studio Version 16
VisualStudioVersion = 16.0.33027.164
MinimumVisualStudioVersion = 10.0.40219.1
Project("{FAE04EC0-301F-11D3-BF4B-00C04F79EFBC}") = "ordenacaoAlgoritmo", "ordenacaoAlgoritmo\ordenacaoAlgoritmo.csproj", "{4A2B180D-6285-4ABB-AA8B-45734FB86448}"
EndProject
Global
	GlobalSection(SolutionConfigurationPlatforms) = preSolution
		Debug|Any CPU = Debug|Any CPU
		Release|Any CPU = Release|Any CPU
	EndGlobalSection
	GlobalSection(ProjectConfigurationPlatforms) = postSolution
		{4A2B180D-6285-4ABB-AA8B-45734FB86448}.Debug|Any CPU.ActiveCfg = Debug|Any CPU
		{4A2B180D-6285-4ABB-AA8B-45734FB86448}.Debug|Any CPU.Build.0 = Debug|Any CPU
		{4A2B180D-6285-4ABB-AA8B-45734FB86448}.Release|Any CPU.ActiveCfg = Release|Any CPU
		{4A2B180D-6285-4ABB-AA8B-45734FB86448}.Release|Any CPU.Build.0 = Release|Any CPU
	EndGlobalSection
	GlobalSection(SolutionProperties) = preSolution
		HideSolutionNode = FALSE
	EndGlobalSection
	GlobalSection(ExtensibilityGlobals) = postSolution
		SolutionGuid = {151013A3-B899-4DCE-BF25-C5E4A1E1C406}
	EndGlobalSection
EndGlobal
