
Microsoft Visual Studio Solution File, Format Version 12.00
# Visual Studio Version 16
VisualStudioVersion = 16.0.33027.164
MinimumVisualStudioVersion = 10.0.40219.1
Project("{FAE04EC0-301F-11D3-BF4B-00C04F79EFBC}") = "Aula 07 - Exemplo 1", "Aula 07 - Exemplo 1.csproj", "{655654CA-2A89-4D20-B8BB-191FA3DE53FF}"
EndProject
Global
	GlobalSection(SolutionConfigurationPlatforms) = preSolution
		Debug|Any CPU = Debug|Any CPU
		Release|Any CPU = Release|Any CPU
	EndGlobalSection
	GlobalSection(ProjectConfigurationPlatforms) = postSolution
		{655654CA-2A89-4D20-B8BB-191FA3DE53FF}.Debug|Any CPU.ActiveCfg = Debug|Any CPU
		{655654CA-2A89-4D20-B8BB-191FA3DE53FF}.Debug|Any CPU.Build.0 = Debug|Any CPU
		{655654CA-2A89-4D20-B8BB-191FA3DE53FF}.Release|Any CPU.ActiveCfg = Release|Any CPU
		{655654CA-2A89-4D20-B8BB-191FA3DE53FF}.Release|Any CPU.Build.0 = Release|Any CPU
	EndGlobalSection
	GlobalSection(SolutionProperties) = preSolution
		HideSolutionNode = FALSE
	EndGlobalSection
	GlobalSection(ExtensibilityGlobals) = postSolution
		SolutionGuid = {319EED61-C5B9-420F-B7DE-4D29D401D8EC}
	EndGlobalSection
EndGlobal
