
Microsoft Visual Studio Solution File, Format Version 12.00
# Visual Studio Version 16
VisualStudioVersion = 16.0.33027.164
MinimumVisualStudioVersion = 10.0.40219.1
Project("{FAE04EC0-301F-11D3-BF4B-00C04F79EFBC}") = "ex1", "ex1.csproj", "{6B253AA8-183F-4501-9D92-E66CC8067C29}"
EndProject
Global
	GlobalSection(SolutionConfigurationPlatforms) = preSolution
		Debug|Any CPU = Debug|Any CPU
		Release|Any CPU = Release|Any CPU
	EndGlobalSection
	GlobalSection(ProjectConfigurationPlatforms) = postSolution
		{6B253AA8-183F-4501-9D92-E66CC8067C29}.Debug|Any CPU.ActiveCfg = Debug|Any CPU
		{6B253AA8-183F-4501-9D92-E66CC8067C29}.Debug|Any CPU.Build.0 = Debug|Any CPU
		{6B253AA8-183F-4501-9D92-E66CC8067C29}.Release|Any CPU.ActiveCfg = Release|Any CPU
		{6B253AA8-183F-4501-9D92-E66CC8067C29}.Release|Any CPU.Build.0 = Release|Any CPU
	EndGlobalSection
	GlobalSection(SolutionProperties) = preSolution
		HideSolutionNode = FALSE
	EndGlobalSection
	GlobalSection(ExtensibilityGlobals) = postSolution
		SolutionGuid = {D9CBFD2D-19A5-4AEF-BCB9-A777D4EDE503}
	EndGlobalSection
EndGlobal
