
Microsoft Visual Studio Solution File, Format Version 12.00
# Visual Studio Version 16
VisualStudioVersion = 16.0.33027.164
MinimumVisualStudioVersion = 10.0.40219.1
Project("{FAE04EC0-301F-11D3-BF4B-00C04F79EFBC}") = "exemplo03", "exemplo03\exemplo03.csproj", "{429338BA-095C-4A36-AEE9-9F82207095A8}"
EndProject
Global
	GlobalSection(SolutionConfigurationPlatforms) = preSolution
		Debug|Any CPU = Debug|Any CPU
		Release|Any CPU = Release|Any CPU
	EndGlobalSection
	GlobalSection(ProjectConfigurationPlatforms) = postSolution
		{429338BA-095C-4A36-AEE9-9F82207095A8}.Debug|Any CPU.ActiveCfg = Debug|Any CPU
		{429338BA-095C-4A36-AEE9-9F82207095A8}.Debug|Any CPU.Build.0 = Debug|Any CPU
		{429338BA-095C-4A36-AEE9-9F82207095A8}.Release|Any CPU.ActiveCfg = Release|Any CPU
		{429338BA-095C-4A36-AEE9-9F82207095A8}.Release|Any CPU.Build.0 = Release|Any CPU
	EndGlobalSection
	GlobalSection(SolutionProperties) = preSolution
		HideSolutionNode = FALSE
	EndGlobalSection
	GlobalSection(ExtensibilityGlobals) = postSolution
		SolutionGuid = {EBFFEC1D-5A4B-4B87-B3CF-56E667B0DB23}
	EndGlobalSection
EndGlobal
