
Microsoft Visual Studio Solution File, Format Version 12.00
# Visual Studio Version 16
VisualStudioVersion = 16.0.33027.164
MinimumVisualStudioVersion = 10.0.40219.1
Project("{FAE04EC0-301F-11D3-BF4B-00C04F79EFBC}") = "Exemplo1", "Exemplo1.csproj", "{D62F50FB-37B8-4B06-ABAA-D1024DB67E2E}"
EndProject
Global
	GlobalSection(SolutionConfigurationPlatforms) = preSolution
		Debug|Any CPU = Debug|Any CPU
		Release|Any CPU = Release|Any CPU
	EndGlobalSection
	GlobalSection(ProjectConfigurationPlatforms) = postSolution
		{D62F50FB-37B8-4B06-ABAA-D1024DB67E2E}.Debug|Any CPU.ActiveCfg = Debug|Any CPU
		{D62F50FB-37B8-4B06-ABAA-D1024DB67E2E}.Debug|Any CPU.Build.0 = Debug|Any CPU
		{D62F50FB-37B8-4B06-ABAA-D1024DB67E2E}.Release|Any CPU.ActiveCfg = Release|Any CPU
		{D62F50FB-37B8-4B06-ABAA-D1024DB67E2E}.Release|Any CPU.Build.0 = Release|Any CPU
	EndGlobalSection
	GlobalSection(SolutionProperties) = preSolution
		HideSolutionNode = FALSE
	EndGlobalSection
	GlobalSection(ExtensibilityGlobals) = postSolution
		SolutionGuid = {DC806B81-6F99-4BBA-A5E9-4F5C86E14BC3}
	EndGlobalSection
EndGlobal
