
Microsoft Visual Studio Solution File, Format Version 12.00
# Visual Studio Version 16
VisualStudioVersion = 16.0.33027.164
MinimumVisualStudioVersion = 10.0.40219.1
Project("{FAE04EC0-301F-11D3-BF4B-00C04F79EFBC}") = "exemplo2", "exemplo2\exemplo2.csproj", "{4714E1F3-5ADA-4973-8503-320B7ED2E278}"
EndProject
Global
	GlobalSection(SolutionConfigurationPlatforms) = preSolution
		Debug|Any CPU = Debug|Any CPU
		Release|Any CPU = Release|Any CPU
	EndGlobalSection
	GlobalSection(ProjectConfigurationPlatforms) = postSolution
		{4714E1F3-5ADA-4973-8503-320B7ED2E278}.Debug|Any CPU.ActiveCfg = Debug|Any CPU
		{4714E1F3-5ADA-4973-8503-320B7ED2E278}.Debug|Any CPU.Build.0 = Debug|Any CPU
		{4714E1F3-5ADA-4973-8503-320B7ED2E278}.Release|Any CPU.ActiveCfg = Release|Any CPU
		{4714E1F3-5ADA-4973-8503-320B7ED2E278}.Release|Any CPU.Build.0 = Release|Any CPU
	EndGlobalSection
	GlobalSection(SolutionProperties) = preSolution
		HideSolutionNode = FALSE
	EndGlobalSection
	GlobalSection(ExtensibilityGlobals) = postSolution
		SolutionGuid = {154A728B-25E2-4090-8D37-60CC8FEF82E1}
	EndGlobalSection
EndGlobal
