
Microsoft Visual Studio Solution File, Format Version 12.00
# Visual Studio Version 16
VisualStudioVersion = 16.0.33027.164
MinimumVisualStudioVersion = 10.0.40219.1
Project("{FAE04EC0-301F-11D3-BF4B-00C04F79EFBC}") = "selectionSort", "selectionSort\selectionSort.csproj", "{F048FB05-80B6-4BD7-91AE-AA34F8C24607}"
EndProject
Global
	GlobalSection(SolutionConfigurationPlatforms) = preSolution
		Debug|Any CPU = Debug|Any CPU
		Release|Any CPU = Release|Any CPU
	EndGlobalSection
	GlobalSection(ProjectConfigurationPlatforms) = postSolution
		{F048FB05-80B6-4BD7-91AE-AA34F8C24607}.Debug|Any CPU.ActiveCfg = Debug|Any CPU
		{F048FB05-80B6-4BD7-91AE-AA34F8C24607}.Debug|Any CPU.Build.0 = Debug|Any CPU
		{F048FB05-80B6-4BD7-91AE-AA34F8C24607}.Release|Any CPU.ActiveCfg = Release|Any CPU
		{F048FB05-80B6-4BD7-91AE-AA34F8C24607}.Release|Any CPU.Build.0 = Release|Any CPU
	EndGlobalSection
	GlobalSection(SolutionProperties) = preSolution
		HideSolutionNode = FALSE
	EndGlobalSection
	GlobalSection(ExtensibilityGlobals) = postSolution
		SolutionGuid = {990C992D-81CA-45E7-8EC7-2A84F23EAD67}
	EndGlobalSection
EndGlobal
